
Microsoft Visual Studio Solution File, Format Version 12.00
# Visual Studio Version 17
VisualStudioVersion = 17.8.34330.188
MinimumVisualStudioVersion = 10.0.40219.1
Project("{9A19103F-16F7-4668-BE54-9A1E7A4F7556}") = "AlloyMvcTemplates", "Alloy.Sample\AlloyMvcTemplates.csproj", "{0AE99E32-5376-4A7E-9C6D-E604FE109710}"
EndProject
Project("{FAE04EC0-301F-11D3-BF4B-00C04F79EFBC}") = "ExtendedCms.TinyMceEnhancements", "ExtendedCms.TinyMceEnhancements\ExtendedCms.TinyMceEnhancements.csproj", "{0E986521-F9F1-4013-835D-0E7E039949D1}"
EndProject
Global
	GlobalSection(SolutionConfigurationPlatforms) = preSolution
		Debug|Any CPU = Debug|Any CPU
		Release|Any CPU = Release|Any CPU
	EndGlobalSection
	GlobalSection(ProjectConfigurationPlatforms) = postSolution
		{0AE99E32-5376-4A7E-9C6D-E604FE109710}.Debug|Any CPU.ActiveCfg = Debug|Any CPU
		{0AE99E32-5376-4A7E-9C6D-E604FE109710}.Debug|Any CPU.Build.0 = Debug|Any CPU
		{0AE99E32-5376-4A7E-9C6D-E604FE109710}.Release|Any CPU.ActiveCfg = Release|Any CPU
		{0AE99E32-5376-4A7E-9C6D-E604FE109710}.Release|Any CPU.Build.0 = Release|Any CPU
		{0E986521-F9F1-4013-835D-0E7E039949D1}.Debug|Any CPU.ActiveCfg = Debug|Any CPU
		{0E986521-F9F1-4013-835D-0E7E039949D1}.Debug|Any CPU.Build.0 = Debug|Any CPU
		{0E986521-F9F1-4013-835D-0E7E039949D1}.Release|Any CPU.ActiveCfg = Release|Any CPU
		{0E986521-F9F1-4013-835D-0E7E039949D1}.Release|Any CPU.Build.0 = Release|Any CPU
	EndGlobalSection
	GlobalSection(SolutionProperties) = preSolution
		HideSolutionNode = FALSE
	EndGlobalSection
	GlobalSection(ExtensibilityGlobals) = postSolution
		SolutionGuid = {285B800B-EEB5-4EEF-A58F-ED401D15E9CB}
	EndGlobalSection
EndGlobal
